
Microsoft Visual Studio Solution File, Format Version 12.00
# Visual Studio 15
VisualStudioVersion = 15.0.28010.2050
MinimumVisualStudioVersion = 10.0.40219.1
Project("{FAE04EC0-301F-11D3-BF4B-00C04F79EFBC}") = "Calc", "Calc.csproj", "{460CD070-154D-4EEE-9422-02F22DB0F71F}"
EndProject
Project("{FAE04EC0-301F-11D3-BF4B-00C04F79EFBC}") = "CalcTests", "..\CalcTests\CalcTests.csproj", "{7D80B963-4A7B-48DD-B843-007E3F7D5EB0}"
EndProject
Global
	GlobalSection(SolutionConfigurationPlatforms) = preSolution
		Debug|Any CPU = Debug|Any CPU
		Release|Any CPU = Release|Any CPU
	EndGlobalSection
	GlobalSection(ProjectConfigurationPlatforms) = postSolution
		{460CD070-154D-4EEE-9422-02F22DB0F71F}.Debug|Any CPU.ActiveCfg = Debug|Any CPU
		{460CD070-154D-4EEE-9422-02F22DB0F71F}.Debug|Any CPU.Build.0 = Debug|Any CPU
		{460CD070-154D-4EEE-9422-02F22DB0F71F}.Release|Any CPU.ActiveCfg = Release|Any CPU
		{460CD070-154D-4EEE-9422-02F22DB0F71F}.Release|Any CPU.Build.0 = Release|Any CPU
		{7D80B963-4A7B-48DD-B843-007E3F7D5EB0}.Debug|Any CPU.ActiveCfg = Debug|Any CPU
		{7D80B963-4A7B-48DD-B843-007E3F7D5EB0}.Debug|Any CPU.Build.0 = Debug|Any CPU
		{7D80B963-4A7B-48DD-B843-007E3F7D5EB0}.Release|Any CPU.ActiveCfg = Release|Any CPU
		{7D80B963-4A7B-48DD-B843-007E3F7D5EB0}.Release|Any CPU.Build.0 = Release|Any CPU
	EndGlobalSection
	GlobalSection(SolutionProperties) = preSolution
		HideSolutionNode = FALSE
	EndGlobalSection
	GlobalSection(ExtensibilityGlobals) = postSolution
		SolutionGuid = {6A289DB0-4932-49ED-B382-54B3D9BA86C7}
	EndGlobalSection
EndGlobal
